
Microsoft Visual Studio Solution File, Format Version 12.00
# Visual Studio Version 17
VisualStudioVersion = 17.8.34525.116
MinimumVisualStudioVersion = 10.0.40219.1
Project("{9A19103F-16F7-4668-BE54-9A1E7A4F7556}") = "TypesAndVariables", "TypesAndVariables\TypesAndVariables.csproj", "{367B5D4F-7120-45A4-9BF6-387182024D79}"
EndProject
Project("{9A19103F-16F7-4668-BE54-9A1E7A4F7556}") = "Conditionals", "Conditionals\Conditionals.csproj", "{81BE0812-AAA7-4CCA-AEFC-F22798B64125}"
EndProject
Project("{9A19103F-16F7-4668-BE54-9A1E7A4F7556}") = "Methods", "Methods\Methods.csproj", "{445F414C-0F70-4FA6-8681-436635AC8608}"
EndProject
Project("{9A19103F-16F7-4668-BE54-9A1E7A4F7556}") = "Arrays", "Arrays\Arrays.csproj", "{060CD38E-A876-4DBC-B233-125D938B428F}"
EndProject
Project("{9A19103F-16F7-4668-BE54-9A1E7A4F7556}") = "Loops", "Loops\Loops.csproj", "{C09EC91B-F5E1-4391-84C2-DF2882B94DDD}"
EndProject
Project("{9A19103F-16F7-4668-BE54-9A1E7A4F7556}") = "Strings", "Strings\Strings.csproj", "{2B1376B9-63BE-4BC2-B713-8617AF74DF50}"
EndProject
Project("{9A19103F-16F7-4668-BE54-9A1E7A4F7556}") = "Classes", "Classes\Classes.csproj", "{62BCC8E7-AACE-4B5C-8FBA-924A31D0C9CA}"
EndProject
Project("{9A19103F-16F7-4668-BE54-9A1E7A4F7556}") = "RecapDemo", "RecapDemo\RecapDemo.csproj", "{BE144107-36B6-452B-878E-47983C9AA68E}"
EndProject
Project("{9A19103F-16F7-4668-BE54-9A1E7A4F7556}") = "Interfaces", "Interfaces\Interfaces.csproj", "{65D74A3D-BCAD-4321-953A-F89866EE41E4}"
EndProject
Project("{9A19103F-16F7-4668-BE54-9A1E7A4F7556}") = "InterfacesDemo", "InterfacesDemo\InterfacesDemo.csproj", "{49F94125-CC7D-479E-BD13-9E491487488F}"
EndProject
Project("{9A19103F-16F7-4668-BE54-9A1E7A4F7556}") = "Inheritance", "Inheritance\Inheritance.csproj", "{5804B206-DE97-4DEB-A71C-01CCB2C89151}"
EndProject
Project("{FAE04EC0-301F-11D3-BF4B-00C04F79EFBC}") = "ReferenceTypes", "ReferenceTypes\ReferenceTypes.csproj", "{6ABE5218-C3D3-4D75-8AED-0E50097EFDCD}"
EndProject
Project("{FAE04EC0-301F-11D3-BF4B-00C04F79EFBC}") = "Constructors", "Constructors\Constructors.csproj", "{8D63D1F1-9A75-4B89-AC66-A3EAF20BAFAF}"
EndProject
Global
	GlobalSection(SolutionConfigurationPlatforms) = preSolution
		Debug|Any CPU = Debug|Any CPU
		Release|Any CPU = Release|Any CPU
	EndGlobalSection
	GlobalSection(ProjectConfigurationPlatforms) = postSolution
		{367B5D4F-7120-45A4-9BF6-387182024D79}.Debug|Any CPU.ActiveCfg = Debug|Any CPU
		{367B5D4F-7120-45A4-9BF6-387182024D79}.Debug|Any CPU.Build.0 = Debug|Any CPU
		{367B5D4F-7120-45A4-9BF6-387182024D79}.Release|Any CPU.ActiveCfg = Release|Any CPU
		{367B5D4F-7120-45A4-9BF6-387182024D79}.Release|Any CPU.Build.0 = Release|Any CPU
		{81BE0812-AAA7-4CCA-AEFC-F22798B64125}.Debug|Any CPU.ActiveCfg = Debug|Any CPU
		{81BE0812-AAA7-4CCA-AEFC-F22798B64125}.Debug|Any CPU.Build.0 = Debug|Any CPU
		{81BE0812-AAA7-4CCA-AEFC-F22798B64125}.Release|Any CPU.ActiveCfg = Release|Any CPU
		{81BE0812-AAA7-4CCA-AEFC-F22798B64125}.Release|Any CPU.Build.0 = Release|Any CPU
		{445F414C-0F70-4FA6-8681-436635AC8608}.Debug|Any CPU.ActiveCfg = Debug|Any CPU
		{445F414C-0F70-4FA6-8681-436635AC8608}.Debug|Any CPU.Build.0 = Debug|Any CPU
		{445F414C-0F70-4FA6-8681-436635AC8608}.Release|Any CPU.ActiveCfg = Release|Any CPU
		{445F414C-0F70-4FA6-8681-436635AC8608}.Release|Any CPU.Build.0 = Release|Any CPU
		{060CD38E-A876-4DBC-B233-125D938B428F}.Debug|Any CPU.ActiveCfg = Debug|Any CPU
		{060CD38E-A876-4DBC-B233-125D938B428F}.Debug|Any CPU.Build.0 = Debug|Any CPU
		{060CD38E-A876-4DBC-B233-125D938B428F}.Release|Any CPU.ActiveCfg = Release|Any CPU
		{060CD38E-A876-4DBC-B233-125D938B428F}.Release|Any CPU.Build.0 = Release|Any CPU
		{C09EC91B-F5E1-4391-84C2-DF2882B94DDD}.Debug|Any CPU.ActiveCfg = Debug|Any CPU
		{C09EC91B-F5E1-4391-84C2-DF2882B94DDD}.Debug|Any CPU.Build.0 = Debug|Any CPU
		{C09EC91B-F5E1-4391-84C2-DF2882B94DDD}.Release|Any CPU.ActiveCfg = Release|Any CPU
		{C09EC91B-F5E1-4391-84C2-DF2882B94DDD}.Release|Any CPU.Build.0 = Release|Any CPU
		{2B1376B9-63BE-4BC2-B713-8617AF74DF50}.Debug|Any CPU.ActiveCfg = Debug|Any CPU
		{2B1376B9-63BE-4BC2-B713-8617AF74DF50}.Debug|Any CPU.Build.0 = Debug|Any CPU
		{2B1376B9-63BE-4BC2-B713-8617AF74DF50}.Release|Any CPU.ActiveCfg = Release|Any CPU
		{2B1376B9-63BE-4BC2-B713-8617AF74DF50}.Release|Any CPU.Build.0 = Release|Any CPU
		{62BCC8E7-AACE-4B5C-8FBA-924A31D0C9CA}.Debug|Any CPU.ActiveCfg = Debug|Any CPU
		{62BCC8E7-AACE-4B5C-8FBA-924A31D0C9CA}.Debug|Any CPU.Build.0 = Debug|Any CPU
		{62BCC8E7-AACE-4B5C-8FBA-924A31D0C9CA}.Release|Any CPU.ActiveCfg = Release|Any CPU
		{62BCC8E7-AACE-4B5C-8FBA-924A31D0C9CA}.Release|Any CPU.Build.0 = Release|Any CPU
		{BE144107-36B6-452B-878E-47983C9AA68E}.Debug|Any CPU.ActiveCfg = Debug|Any CPU
		{BE144107-36B6-452B-878E-47983C9AA68E}.Debug|Any CPU.Build.0 = Debug|Any CPU
		{BE144107-36B6-452B-878E-47983C9AA68E}.Release|Any CPU.ActiveCfg = Release|Any CPU
		{BE144107-36B6-452B-878E-47983C9AA68E}.Release|Any CPU.Build.0 = Release|Any CPU
		{65D74A3D-BCAD-4321-953A-F89866EE41E4}.Debug|Any CPU.ActiveCfg = Debug|Any CPU
		{65D74A3D-BCAD-4321-953A-F89866EE41E4}.Debug|Any CPU.Build.0 = Debug|Any CPU
		{65D74A3D-BCAD-4321-953A-F89866EE41E4}.Release|Any CPU.ActiveCfg = Release|Any CPU
		{65D74A3D-BCAD-4321-953A-F89866EE41E4}.Release|Any CPU.Build.0 = Release|Any CPU
		{49F94125-CC7D-479E-BD13-9E491487488F}.Debug|Any CPU.ActiveCfg = Debug|Any CPU
		{49F94125-CC7D-479E-BD13-9E491487488F}.Debug|Any CPU.Build.0 = Debug|Any CPU
		{49F94125-CC7D-479E-BD13-9E491487488F}.Release|Any CPU.ActiveCfg = Release|Any CPU
		{49F94125-CC7D-479E-BD13-9E491487488F}.Release|Any CPU.Build.0 = Release|Any CPU
		{5804B206-DE97-4DEB-A71C-01CCB2C89151}.Debug|Any CPU.ActiveCfg = Debug|Any CPU
		{5804B206-DE97-4DEB-A71C-01CCB2C89151}.Debug|Any CPU.Build.0 = Debug|Any CPU
		{5804B206-DE97-4DEB-A71C-01CCB2C89151}.Release|Any CPU.ActiveCfg = Release|Any CPU
		{5804B206-DE97-4DEB-A71C-01CCB2C89151}.Release|Any CPU.Build.0 = Release|Any CPU
		{6ABE5218-C3D3-4D75-8AED-0E50097EFDCD}.Debug|Any CPU.ActiveCfg = Debug|Any CPU
		{6ABE5218-C3D3-4D75-8AED-0E50097EFDCD}.Debug|Any CPU.Build.0 = Debug|Any CPU
		{6ABE5218-C3D3-4D75-8AED-0E50097EFDCD}.Release|Any CPU.ActiveCfg = Release|Any CPU
		{6ABE5218-C3D3-4D75-8AED-0E50097EFDCD}.Release|Any CPU.Build.0 = Release|Any CPU
		{8D63D1F1-9A75-4B89-AC66-A3EAF20BAFAF}.Debug|Any CPU.ActiveCfg = Debug|Any CPU
		{8D63D1F1-9A75-4B89-AC66-A3EAF20BAFAF}.Debug|Any CPU.Build.0 = Debug|Any CPU
		{8D63D1F1-9A75-4B89-AC66-A3EAF20BAFAF}.Release|Any CPU.ActiveCfg = Release|Any CPU
		{8D63D1F1-9A75-4B89-AC66-A3EAF20BAFAF}.Release|Any CPU.Build.0 = Release|Any CPU
	EndGlobalSection
	GlobalSection(SolutionProperties) = preSolution
		HideSolutionNode = FALSE
	EndGlobalSection
	GlobalSection(ExtensibilityGlobals) = postSolution
		SolutionGuid = {3201AB49-FFF5-4972-99C7-04C568F16A11}
	EndGlobalSection
EndGlobal
