
Microsoft Visual Studio Solution File, Format Version 12.00
# Visual Studio Version 17
VisualStudioVersion = 17.8.34525.116
MinimumVisualStudioVersion = 10.0.40219.1
Project("{9A19103F-16F7-4668-BE54-9A1E7A4F7556}") = "TypesAndVariables", "TypesAndVariables\TypesAndVariables.csproj", "{367B5D4F-7120-45A4-9BF6-387182024D79}"
EndProject
Project("{9A19103F-16F7-4668-BE54-9A1E7A4F7556}") = "Conditionals", "Conditionals\Conditionals.csproj", "{81BE0812-AAA7-4CCA-AEFC-F22798B64125}"
EndProject
Project("{9A19103F-16F7-4668-BE54-9A1E7A4F7556}") = "Methods", "Methods\Methods.csproj", "{445F414C-0F70-4FA6-8681-436635AC8608}"
EndProject
Project("{FAE04EC0-301F-11D3-BF4B-00C04F79EFBC}") = "Arrays", "Arrays\Arrays.csproj", "{060CD38E-A876-4DBC-B233-125D938B428F}"
EndProject
Global
	GlobalSection(SolutionConfigurationPlatforms) = preSolution
		Debug|Any CPU = Debug|Any CPU
		Release|Any CPU = Release|Any CPU
	EndGlobalSection
	GlobalSection(ProjectConfigurationPlatforms) = postSolution
		{367B5D4F-7120-45A4-9BF6-387182024D79}.Debug|Any CPU.ActiveCfg = Debug|Any CPU
		{367B5D4F-7120-45A4-9BF6-387182024D79}.Debug|Any CPU.Build.0 = Debug|Any CPU
		{367B5D4F-7120-45A4-9BF6-387182024D79}.Release|Any CPU.ActiveCfg = Release|Any CPU
		{367B5D4F-7120-45A4-9BF6-387182024D79}.Release|Any CPU.Build.0 = Release|Any CPU
		{81BE0812-AAA7-4CCA-AEFC-F22798B64125}.Debug|Any CPU.ActiveCfg = Debug|Any CPU
		{81BE0812-AAA7-4CCA-AEFC-F22798B64125}.Debug|Any CPU.Build.0 = Debug|Any CPU
		{81BE0812-AAA7-4CCA-AEFC-F22798B64125}.Release|Any CPU.ActiveCfg = Release|Any CPU
		{81BE0812-AAA7-4CCA-AEFC-F22798B64125}.Release|Any CPU.Build.0 = Release|Any CPU
		{445F414C-0F70-4FA6-8681-436635AC8608}.Debug|Any CPU.ActiveCfg = Debug|Any CPU
		{445F414C-0F70-4FA6-8681-436635AC8608}.Debug|Any CPU.Build.0 = Debug|Any CPU
		{445F414C-0F70-4FA6-8681-436635AC8608}.Release|Any CPU.ActiveCfg = Release|Any CPU
		{445F414C-0F70-4FA6-8681-436635AC8608}.Release|Any CPU.Build.0 = Release|Any CPU
		{060CD38E-A876-4DBC-B233-125D938B428F}.Debug|Any CPU.ActiveCfg = Debug|Any CPU
		{060CD38E-A876-4DBC-B233-125D938B428F}.Debug|Any CPU.Build.0 = Debug|Any CPU
		{060CD38E-A876-4DBC-B233-125D938B428F}.Release|Any CPU.ActiveCfg = Release|Any CPU
		{060CD38E-A876-4DBC-B233-125D938B428F}.Release|Any CPU.Build.0 = Release|Any CPU
	EndGlobalSection
	GlobalSection(SolutionProperties) = preSolution
		HideSolutionNode = FALSE
	EndGlobalSection
	GlobalSection(ExtensibilityGlobals) = postSolution
		SolutionGuid = {3201AB49-FFF5-4972-99C7-04C568F16A11}
	EndGlobalSection
EndGlobal
