
Microsoft Visual Studio Solution File, Format Version 12.00
# Visual Studio Version 17
VisualStudioVersion = 17.8.34525.116
MinimumVisualStudioVersion = 10.0.40219.1
Project("{FAE04EC0-301F-11D3-BF4B-00C04F79EFBC}") = "Business", "Business\Business.csproj", "{0EFDEB35-0873-4742-A940-23A21FC13725}"
EndProject
Project("{FAE04EC0-301F-11D3-BF4B-00C04F79EFBC}") = "Core", "Core\Core.csproj", "{9952CB76-3B37-453D-901C-A0010387D0A0}"
EndProject
Project("{FAE04EC0-301F-11D3-BF4B-00C04F79EFBC}") = "DataAccess", "DataAccess\DataAccess.csproj", "{55385390-F476-4514-8453-EA741B556CDC}"
EndProject
Project("{FAE04EC0-301F-11D3-BF4B-00C04F79EFBC}") = "Entities", "Entities\Entities.csproj", "{0D9D83DC-CA7D-4793-B5F5-E8CB4379836A}"
EndProject
Project("{FAE04EC0-301F-11D3-BF4B-00C04F79EFBC}") = "WebAPI", "WebAPI\WebAPI.csproj", "{40EA5818-F012-4E06-8EE6-587A9EA94B17}"
EndProject
Global
	GlobalSection(SolutionConfigurationPlatforms) = preSolution
		Debug|Any CPU = Debug|Any CPU
		Release|Any CPU = Release|Any CPU
	EndGlobalSection
	GlobalSection(ProjectConfigurationPlatforms) = postSolution
		{0EFDEB35-0873-4742-A940-23A21FC13725}.Debug|Any CPU.ActiveCfg = Debug|Any CPU
		{0EFDEB35-0873-4742-A940-23A21FC13725}.Debug|Any CPU.Build.0 = Debug|Any CPU
		{0EFDEB35-0873-4742-A940-23A21FC13725}.Release|Any CPU.ActiveCfg = Release|Any CPU
		{0EFDEB35-0873-4742-A940-23A21FC13725}.Release|Any CPU.Build.0 = Release|Any CPU
		{9952CB76-3B37-453D-901C-A0010387D0A0}.Debug|Any CPU.ActiveCfg = Debug|Any CPU
		{9952CB76-3B37-453D-901C-A0010387D0A0}.Debug|Any CPU.Build.0 = Debug|Any CPU
		{9952CB76-3B37-453D-901C-A0010387D0A0}.Release|Any CPU.ActiveCfg = Release|Any CPU
		{9952CB76-3B37-453D-901C-A0010387D0A0}.Release|Any CPU.Build.0 = Release|Any CPU
		{55385390-F476-4514-8453-EA741B556CDC}.Debug|Any CPU.ActiveCfg = Debug|Any CPU
		{55385390-F476-4514-8453-EA741B556CDC}.Debug|Any CPU.Build.0 = Debug|Any CPU
		{55385390-F476-4514-8453-EA741B556CDC}.Release|Any CPU.ActiveCfg = Release|Any CPU
		{55385390-F476-4514-8453-EA741B556CDC}.Release|Any CPU.Build.0 = Release|Any CPU
		{0D9D83DC-CA7D-4793-B5F5-E8CB4379836A}.Debug|Any CPU.ActiveCfg = Debug|Any CPU
		{0D9D83DC-CA7D-4793-B5F5-E8CB4379836A}.Debug|Any CPU.Build.0 = Debug|Any CPU
		{0D9D83DC-CA7D-4793-B5F5-E8CB4379836A}.Release|Any CPU.ActiveCfg = Release|Any CPU
		{0D9D83DC-CA7D-4793-B5F5-E8CB4379836A}.Release|Any CPU.Build.0 = Release|Any CPU
		{40EA5818-F012-4E06-8EE6-587A9EA94B17}.Debug|Any CPU.ActiveCfg = Debug|Any CPU
		{40EA5818-F012-4E06-8EE6-587A9EA94B17}.Debug|Any CPU.Build.0 = Debug|Any CPU
		{40EA5818-F012-4E06-8EE6-587A9EA94B17}.Release|Any CPU.ActiveCfg = Release|Any CPU
		{40EA5818-F012-4E06-8EE6-587A9EA94B17}.Release|Any CPU.Build.0 = Release|Any CPU
	EndGlobalSection
	GlobalSection(SolutionProperties) = preSolution
		HideSolutionNode = FALSE
	EndGlobalSection
	GlobalSection(ExtensibilityGlobals) = postSolution
		SolutionGuid = {8C988B2B-7413-448A-B719-908B7D50E487}
	EndGlobalSection
EndGlobal
